// !$*UTF8*$!
{
	archiveVersion = 1;
	classes = {
	};
	objectVersion = 55;
	objects = {

/* Begin PBXBuildFile section */
		3908D3AD287C69CC004D31F4 /* AppDelegate.swift in Sources */ = {isa = PBXBuildFile; fileRef = 3908D3AC287C69CC004D31F4 /* AppDelegate.swift */; };
		3908D3AF287C69CC004D31F4 /* SceneDelegate.swift in Sources */ = {isa = PBXBuildFile; fileRef = 3908D3AE287C69CC004D31F4 /* SceneDelegate.swift */; };
		3908D3B1287C69CC004D31F4 /* HomeViewController.swift in Sources */ = {isa = PBXBuildFile; fileRef = 3908D3B0287C69CC004D31F4 /* HomeViewController.swift */; };
		3908D3B4287C69CC004D31F4 /* Main.storyboard in Resources */ = {isa = PBXBuildFile; fileRef = 3908D3B2287C69CC004D31F4 /* Main.storyboard */; };
		3908D3B6287C69CD004D31F4 /* Assets.xcassets in Resources */ = {isa = PBXBuildFile; fileRef = 3908D3B5287C69CD004D31F4 /* Assets.xcassets */; };
		3908D3B9287C69CD004D31F4 /* LaunchScreen.storyboard in Resources */ = {isa = PBXBuildFile; fileRef = 3908D3B7287C69CD004D31F4 /* LaunchScreen.storyboard */; };
		3908D3CE287C69CD004D31F4 /* HomeExerciseUITests.swift in Sources */ = {isa = PBXBuildFile; fileRef = 3908D3CD287C69CD004D31F4 /* HomeExerciseUITests.swift */; };
		3908D3D0287C69CD004D31F4 /* HomeExerciseUITestsLaunchTests.swift in Sources */ = {isa = PBXBuildFile; fileRef = 3908D3CF287C69CD004D31F4 /* HomeExerciseUITestsLaunchTests.swift */; };
		3908D3E3287C6B77004D31F4 /* AppError.swift in Sources */ = {isa = PBXBuildFile; fileRef = 3908D3E2287C6B77004D31F4 /* AppError.swift */; };
		3908D3E6287C6C94004D31F4 /* TrendingRepoWebServiceProtocol.swift in Sources */ = {isa = PBXBuildFile; fileRef = 3908D3E5287C6C94004D31F4 /* TrendingRepoWebServiceProtocol.swift */; };
		3908D3E9287C6DD7004D31F4 /* TrendingRepo.swift in Sources */ = {isa = PBXBuildFile; fileRef = 3908D3E8287C6DD7004D31F4 /* TrendingRepo.swift */; };
		3908D3ED287C6F04004D31F4 /* TrendingRepoViewModel.swift in Sources */ = {isa = PBXBuildFile; fileRef = 3908D3EC287C6F04004D31F4 /* TrendingRepoViewModel.swift */; };
		3908D3EF287C704A004D31F4 /* TrendingRepoCellViewModel.swift in Sources */ = {isa = PBXBuildFile; fileRef = 3908D3EE287C704A004D31F4 /* TrendingRepoCellViewModel.swift */; };
		3908D3F2287CA7C6004D31F4 /* TrendingViewModelTest.swift in Sources */ = {isa = PBXBuildFile; fileRef = 3908D3F1287CA7C6004D31F4 /* TrendingViewModelTest.swift */; };
		3908D3F5287CA8F8004D31F4 /* TrendingRepoCellViewModelTest.swift in Sources */ = {isa = PBXBuildFile; fileRef = 3908D3F4287CA8F8004D31F4 /* TrendingRepoCellViewModelTest.swift */; };
		3908D3F8287CAF54004D31F4 /* NetworkService.swift in Sources */ = {isa = PBXBuildFile; fileRef = 3908D3F7287CAF54004D31F4 /* NetworkService.swift */; };
		3908D3FA287CB0C2004D31F4 /* NetworkServiceTest.swift in Sources */ = {isa = PBXBuildFile; fileRef = 3908D3F9287CB0C2004D31F4 /* NetworkServiceTest.swift */; };
		3908D402287D7547004D31F4 /* Constant.swift in Sources */ = {isa = PBXBuildFile; fileRef = 3908D401287D7547004D31F4 /* Constant.swift */; };
		3908D405287D823E004D31F4 /* MockTrendingRepoWebService.swift in Sources */ = {isa = PBXBuildFile; fileRef = 3908D404287D823E004D31F4 /* MockTrendingRepoWebService.swift */; };
		3908D409287DB3EB004D31F4 /* MockURLProtocol.swift in Sources */ = {isa = PBXBuildFile; fileRef = 3908D408287DB3EA004D31F4 /* MockURLProtocol.swift */; };
		3908D40C287DF8EA004D31F4 /* Lottie in Frameworks */ = {isa = PBXBuildFile; productRef = 3908D40B287DF8EA004D31F4 /* Lottie */; };
		3908D40F287DF90B004D31F4 /* SkeletonView in Frameworks */ = {isa = PBXBuildFile; productRef = 3908D40E287DF90B004D31F4 /* SkeletonView */; };
		3908D411287DF96B004D31F4 /* UILabel + Ext.swift in Sources */ = {isa = PBXBuildFile; fileRef = 3908D410287DF96B004D31F4 /* UILabel + Ext.swift */; };
		3908D413287DF987004D31F4 /* UITableView + Ext.swift in Sources */ = {isa = PBXBuildFile; fileRef = 3908D412287DF987004D31F4 /* UITableView + Ext.swift */; };
		3908D415287DF9AA004D31F4 /* UIView + Ext.swift in Sources */ = {isa = PBXBuildFile; fileRef = 3908D414287DF9AA004D31F4 /* UIView + Ext.swift */; };
		3908D419287DFA28004D31F4 /* retryLottieFile.json in Resources */ = {isa = PBXBuildFile; fileRef = 3908D418287DFA28004D31F4 /* retryLottieFile.json */; };
		3908D420287DFA52004D31F4 /* ErrorView.xib in Resources */ = {isa = PBXBuildFile; fileRef = 3908D41B287DFA52004D31F4 /* ErrorView.xib */; };
		3908D421287DFA52004D31F4 /* ErrorView.swift in Sources */ = {isa = PBXBuildFile; fileRef = 3908D41C287DFA52004D31F4 /* ErrorView.swift */; };
		3908D422287DFA52004D31F4 /* TrendingRepoCell.swift in Sources */ = {isa = PBXBuildFile; fileRef = 3908D41E287DFA52004D31F4 /* TrendingRepoCell.swift */; };
		3908D423287DFA52004D31F4 /* TrendingRepoCell.xib in Resources */ = {isa = PBXBuildFile; fileRef = 3908D41F287DFA52004D31F4 /* TrendingRepoCell.xib */; };
		39F8C53D287EE9EE00E30233 /* Kingfisher in Frameworks */ = {isa = PBXBuildFile; productRef = 39F8C53C287EE9EE00E30233 /* Kingfisher */; };
/* End PBXBuildFile section */

/* Begin PBXContainerItemProxy section */
		3908D3C0287C69CD004D31F4 /* PBXContainerItemProxy */ = {
			isa = PBXContainerItemProxy;
			containerPortal = 3908D3A1287C69CC004D31F4 /* Project object */;
			proxyType = 1;
			remoteGlobalIDString = 3908D3A8287C69CC004D31F4;
			remoteInfo = HomeExercise;
		};
		3908D3CA287C69CD004D31F4 /* PBXContainerItemProxy */ = {
			isa = PBXContainerItemProxy;
			containerPortal = 3908D3A1287C69CC004D31F4 /* Project object */;
			proxyType = 1;
			remoteGlobalIDString = 3908D3A8287C69CC004D31F4;
			remoteInfo = HomeExercise;
		};
/* End PBXContainerItemProxy section */

/* Begin PBXFileReference section */
		3908D3A9287C69CC004D31F4 /* HomeExercise.app */ = {isa = PBXFileReference; explicitFileType = wrapper.application; includeInIndex = 0; path = HomeExercise.app; sourceTree = BUILT_PRODUCTS_DIR; };
		3908D3AC287C69CC004D31F4 /* AppDelegate.swift */ = {isa = PBXFileReference; lastKnownFileType = sourcecode.swift; path = AppDelegate.swift; sourceTree = "<group>"; };
		3908D3AE287C69CC004D31F4 /* SceneDelegate.swift */ = {isa = PBXFileReference; lastKnownFileType = sourcecode.swift; path = SceneDelegate.swift; sourceTree = "<group>"; };
		3908D3B0287C69CC004D31F4 /* HomeViewController.swift */ = {isa = PBXFileReference; lastKnownFileType = sourcecode.swift; path = HomeViewController.swift; sourceTree = "<group>"; };
		3908D3B3287C69CC004D31F4 /* Base */ = {isa = PBXFileReference; lastKnownFileType = file.storyboard; name = Base; path = Base.lproj/Main.storyboard; sourceTree = "<group>"; };
		3908D3B5287C69CD004D31F4 /* Assets.xcassets */ = {isa = PBXFileReference; lastKnownFileType = folder.assetcatalog; path = Assets.xcassets; sourceTree = "<group>"; };
		3908D3B8287C69CD004D31F4 /* Base */ = {isa = PBXFileReference; lastKnownFileType = file.storyboard; name = Base; path = Base.lproj/LaunchScreen.storyboard; sourceTree = "<group>"; };
		3908D3BA287C69CD004D31F4 /* Info.plist */ = {isa = PBXFileReference; lastKnownFileType = text.plist.xml; path = Info.plist; sourceTree = "<group>"; };
		3908D3BF287C69CD004D31F4 /* HomeExerciseTests.xctest */ = {isa = PBXFileReference; explicitFileType = wrapper.cfbundle; includeInIndex = 0; path = HomeExerciseTests.xctest; sourceTree = BUILT_PRODUCTS_DIR; };
		3908D3C9287C69CD004D31F4 /* HomeExerciseUITests.xctest */ = {isa = PBXFileReference; explicitFileType = wrapper.cfbundle; includeInIndex = 0; path = HomeExerciseUITests.xctest; sourceTree = BUILT_PRODUCTS_DIR; };
		3908D3CD287C69CD004D31F4 /* HomeExerciseUITests.swift */ = {isa = PBXFileReference; lastKnownFileType = sourcecode.swift; path = HomeExerciseUITests.swift; sourceTree = "<group>"; };
		3908D3CF287C69CD004D31F4 /* HomeExerciseUITestsLaunchTests.swift */ = {isa = PBXFileReference; lastKnownFileType = sourcecode.swift; path = HomeExerciseUITestsLaunchTests.swift; sourceTree = "<group>"; };
		3908D3E2287C6B77004D31F4 /* AppError.swift */ = {isa = PBXFileReference; lastKnownFileType = sourcecode.swift; path = AppError.swift; sourceTree = "<group>"; };
		3908D3E5287C6C94004D31F4 /* TrendingRepoWebServiceProtocol.swift */ = {isa = PBXFileReference; lastKnownFileType = sourcecode.swift; path = TrendingRepoWebServiceProtocol.swift; sourceTree = "<group>"; };
		3908D3E8287C6DD7004D31F4 /* TrendingRepo.swift */ = {isa = PBXFileReference; lastKnownFileType = sourcecode.swift; path = TrendingRepo.swift; sourceTree = "<group>"; };
		3908D3EC287C6F04004D31F4 /* TrendingRepoViewModel.swift */ = {isa = PBXFileReference; lastKnownFileType = sourcecode.swift; path = TrendingRepoViewModel.swift; sourceTree = "<group>"; };
		3908D3EE287C704A004D31F4 /* TrendingRepoCellViewModel.swift */ = {isa = PBXFileReference; lastKnownFileType = sourcecode.swift; path = TrendingRepoCellViewModel.swift; sourceTree = "<group>"; };
		3908D3F1287CA7C6004D31F4 /* TrendingViewModelTest.swift */ = {isa = PBXFileReference; lastKnownFileType = sourcecode.swift; path = TrendingViewModelTest.swift; sourceTree = "<group>"; };
		3908D3F4287CA8F8004D31F4 /* TrendingRepoCellViewModelTest.swift */ = {isa = PBXFileReference; lastKnownFileType = sourcecode.swift; path = TrendingRepoCellViewModelTest.swift; sourceTree = "<group>"; };
		3908D3F7287CAF54004D31F4 /* NetworkService.swift */ = {isa = PBXFileReference; lastKnownFileType = sourcecode.swift; path = NetworkService.swift; sourceTree = "<group>"; };
		3908D3F9287CB0C2004D31F4 /* NetworkServiceTest.swift */ = {isa = PBXFileReference; lastKnownFileType = sourcecode.swift; path = NetworkServiceTest.swift; sourceTree = "<group>"; };
		3908D401287D7547004D31F4 /* Constant.swift */ = {isa = PBXFileReference; lastKnownFileType = sourcecode.swift; path = Constant.swift; sourceTree = "<group>"; };
		3908D404287D823E004D31F4 /* MockTrendingRepoWebService.swift */ = {isa = PBXFileReference; lastKnownFileType = sourcecode.swift; path = MockTrendingRepoWebService.swift; sourceTree = "<group>"; };
		3908D408287DB3EA004D31F4 /* MockURLProtocol.swift */ = {isa = PBXFileReference; lastKnownFileType = sourcecode.swift; path = MockURLProtocol.swift; sourceTree = "<group>"; };
		3908D410287DF96B004D31F4 /* UILabel + Ext.swift */ = {isa = PBXFileReference; lastKnownFileType = sourcecode.swift; path = "UILabel + Ext.swift"; sourceTree = "<group>"; };
		3908D412287DF987004D31F4 /* UITableView + Ext.swift */ = {isa = PBXFileReference; lastKnownFileType = sourcecode.swift; path = "UITableView + Ext.swift"; sourceTree = "<group>"; };
		3908D414287DF9AA004D31F4 /* UIView + Ext.swift */ = {isa = PBXFileReference; lastKnownFileType = sourcecode.swift; path = "UIView + Ext.swift"; sourceTree = "<group>"; };
		3908D418287DFA28004D31F4 /* retryLottieFile.json */ = {isa = PBXFileReference; fileEncoding = 4; lastKnownFileType = text.json; path = retryLottieFile.json; sourceTree = "<group>"; };
		3908D41B287DFA52004D31F4 /* ErrorView.xib */ = {isa = PBXFileReference; fileEncoding = 4; lastKnownFileType = file.xib; path = ErrorView.xib; sourceTree = "<group>"; };
		3908D41C287DFA52004D31F4 /* ErrorView.swift */ = {isa = PBXFileReference; fileEncoding = 4; lastKnownFileType = sourcecode.swift; path = ErrorView.swift; sourceTree = "<group>"; };
		3908D41E287DFA52004D31F4 /* TrendingRepoCell.swift */ = {isa = PBXFileReference; fileEncoding = 4; lastKnownFileType = sourcecode.swift; path = TrendingRepoCell.swift; sourceTree = "<group>"; };
		3908D41F287DFA52004D31F4 /* TrendingRepoCell.xib */ = {isa = PBXFileReference; fileEncoding = 4; lastKnownFileType = file.xib; path = TrendingRepoCell.xib; sourceTree = "<group>"; };
/* End PBXFileReference section */

/* Begin PBXFrameworksBuildPhase section */
		3908D3A6287C69CC004D31F4 /* Frameworks */ = {
			isa = PBXFrameworksBuildPhase;
			buildActionMask = 2147483647;
			files = (
				39F8C53D287EE9EE00E30233 /* Kingfisher in Frameworks */,
				3908D40F287DF90B004D31F4 /* SkeletonView in Frameworks */,
				3908D40C287DF8EA004D31F4 /* Lottie in Frameworks */,
			);
			runOnlyForDeploymentPostprocessing = 0;
		};
		3908D3BC287C69CD004D31F4 /* Frameworks */ = {
			isa = PBXFrameworksBuildPhase;
			buildActionMask = 2147483647;
			files = (
			);
			runOnlyForDeploymentPostprocessing = 0;
		};
		3908D3C6287C69CD004D31F4 /* Frameworks */ = {
			isa = PBXFrameworksBuildPhase;
			buildActionMask = 2147483647;
			files = (
			);
			runOnlyForDeploymentPostprocessing = 0;
		};
/* End PBXFrameworksBuildPhase section */

/* Begin PBXGroup section */
		3908D3A0287C69CC004D31F4 = {
			isa = PBXGroup;
			children = (
				3908D3AB287C69CC004D31F4 /* HomeExercise */,
				3908D3C2287C69CD004D31F4 /* HomeExerciseTests */,
				3908D3CC287C69CD004D31F4 /* HomeExerciseUITests */,
				3908D3AA287C69CC004D31F4 /* Products */,
			);
			sourceTree = "<group>";
		};
		3908D3AA287C69CC004D31F4 /* Products */ = {
			isa = PBXGroup;
			children = (
				3908D3A9287C69CC004D31F4 /* HomeExercise.app */,
				3908D3BF287C69CD004D31F4 /* HomeExerciseTests.xctest */,
				3908D3C9287C69CD004D31F4 /* HomeExerciseUITests.xctest */,
			);
			name = Products;
			sourceTree = "<group>";
		};
		3908D3AB287C69CC004D31F4 /* HomeExercise */ = {
			isa = PBXGroup;
			children = (
				3908D416287DF9BF004D31F4 /* Resources */,
				3908D3F0287CA4D4004D31F4 /* Network */,
				3908D3EB287C6EEB004D31F4 /* ViewModel */,
				3908D417287DFA01004D31F4 /* Scene */,
				3908D3EA287C6E16004D31F4 /* View */,
				3908D3E7287C6DD0004D31F4 /* Model */,
				3908D3E1287C6B6A004D31F4 /* Utilities */,
				3908D3DE287C6A41004D31F4 /* Protocol */,
				3908D3DD287C6A39004D31F4 /* Extension */,
				3908D3DC287C69D8004D31F4 /* App Delegate */,
				3908D3E4287C6C20004D31F4 /* StoryBoard */,
				3908D3BA287C69CD004D31F4 /* Info.plist */,
			);
			path = HomeExercise;
			sourceTree = "<group>";
		};
		3908D3C2287C69CD004D31F4 /* HomeExerciseTests */ = {
			isa = PBXGroup;
			children = (
				3908D403287D8229004D31F4 /* Mock */,
				3908D3F6287CAF35004D31F4 /* Network */,
				3908D3F3287CA8B2004D31F4 /* ViewModel */,
			);
			path = HomeExerciseTests;
			sourceTree = "<group>";
		};
		3908D3CC287C69CD004D31F4 /* HomeExerciseUITests */ = {
			isa = PBXGroup;
			children = (
				3908D3CD287C69CD004D31F4 /* HomeExerciseUITests.swift */,
				3908D3CF287C69CD004D31F4 /* HomeExerciseUITestsLaunchTests.swift */,
			);
			path = HomeExerciseUITests;
			sourceTree = "<group>";
		};
		3908D3DC287C69D8004D31F4 /* App Delegate */ = {
			isa = PBXGroup;
			children = (
				3908D3AC287C69CC004D31F4 /* AppDelegate.swift */,
				3908D3AE287C69CC004D31F4 /* SceneDelegate.swift */,
			);
			path = "App Delegate";
			sourceTree = "<group>";
		};
		3908D3DD287C6A39004D31F4 /* Extension */ = {
			isa = PBXGroup;
			children = (
				3908D410287DF96B004D31F4 /* UILabel + Ext.swift */,
				3908D412287DF987004D31F4 /* UITableView + Ext.swift */,
				3908D414287DF9AA004D31F4 /* UIView + Ext.swift */,
			);
			path = Extension;
			sourceTree = "<group>";
		};
		3908D3DE287C6A41004D31F4 /* Protocol */ = {
			isa = PBXGroup;
			children = (
				3908D3E5287C6C94004D31F4 /* TrendingRepoWebServiceProtocol.swift */,
			);
			path = Protocol;
			sourceTree = "<group>";
		};
		3908D3E1287C6B6A004D31F4 /* Utilities */ = {
			isa = PBXGroup;
			children = (
				3908D3E2287C6B77004D31F4 /* AppError.swift */,
				3908D401287D7547004D31F4 /* Constant.swift */,
			);
			path = Utilities;
			sourceTree = "<group>";
		};
		3908D3E4287C6C20004D31F4 /* StoryBoard */ = {
			isa = PBXGroup;
			children = (
				3908D3B2287C69CC004D31F4 /* Main.storyboard */,
				3908D3B7287C69CD004D31F4 /* LaunchScreen.storyboard */,
			);
			path = StoryBoard;
			sourceTree = "<group>";
		};
		3908D3E7287C6DD0004D31F4 /* Model */ = {
			isa = PBXGroup;
			children = (
				3908D3E8287C6DD7004D31F4 /* TrendingRepo.swift */,
			);
			path = Model;
			sourceTree = "<group>";
		};
		3908D3EA287C6E16004D31F4 /* View */ = {
			isa = PBXGroup;
			children = (
				3908D41A287DFA52004D31F4 /* ErrorView */,
				3908D41D287DFA52004D31F4 /* TableViewCell */,
			);
			path = View;
			sourceTree = "<group>";
		};
		3908D3EB287C6EEB004D31F4 /* ViewModel */ = {
			isa = PBXGroup;
			children = (
				3908D3EC287C6F04004D31F4 /* TrendingRepoViewModel.swift */,
				3908D3EE287C704A004D31F4 /* TrendingRepoCellViewModel.swift */,
			);
			path = ViewModel;
			sourceTree = "<group>";
		};
		3908D3F0287CA4D4004D31F4 /* Network */ = {
			isa = PBXGroup;
			children = (
				3908D3F7287CAF54004D31F4 /* NetworkService.swift */,
			);
			path = Network;
			sourceTree = "<group>";
		};
		3908D3F3287CA8B2004D31F4 /* ViewModel */ = {
			isa = PBXGroup;
			children = (
				3908D3F1287CA7C6004D31F4 /* TrendingViewModelTest.swift */,
				3908D3F4287CA8F8004D31F4 /* TrendingRepoCellViewModelTest.swift */,
			);
			path = ViewModel;
			sourceTree = "<group>";
		};
		3908D3F6287CAF35004D31F4 /* Network */ = {
			isa = PBXGroup;
			children = (
				3908D3F9287CB0C2004D31F4 /* NetworkServiceTest.swift */,
			);
			path = Network;
			sourceTree = "<group>";
		};
		3908D403287D8229004D31F4 /* Mock */ = {
			isa = PBXGroup;
			children = (
				3908D404287D823E004D31F4 /* MockTrendingRepoWebService.swift */,
				3908D408287DB3EA004D31F4 /* MockURLProtocol.swift */,
			);
			path = Mock;
			sourceTree = "<group>";
		};
		3908D416287DF9BF004D31F4 /* Resources */ = {
			isa = PBXGroup;
			children = (
				3908D418287DFA28004D31F4 /* retryLottieFile.json */,
				3908D3B5287C69CD004D31F4 /* Assets.xcassets */,
			);
			path = Resources;
			sourceTree = "<group>";
		};
		3908D417287DFA01004D31F4 /* Scene */ = {
			isa = PBXGroup;
			children = (
				3908D3B0287C69CC004D31F4 /* HomeViewController.swift */,
			);
			path = Scene;
			sourceTree = "<group>";
		};
		3908D41A287DFA52004D31F4 /* ErrorView */ = {
			isa = PBXGroup;
			children = (
				3908D41B287DFA52004D31F4 /* ErrorView.xib */,
				3908D41C287DFA52004D31F4 /* ErrorView.swift */,
			);
			path = ErrorView;
			sourceTree = "<group>";
		};
		3908D41D287DFA52004D31F4 /* TableViewCell */ = {
			isa = PBXGroup;
			children = (
				3908D41E287DFA52004D31F4 /* TrendingRepoCell.swift */,
				3908D41F287DFA52004D31F4 /* TrendingRepoCell.xib */,
			);
			path = TableViewCell;
			sourceTree = "<group>";
		};
/* End PBXGroup section */

/* Begin PBXNativeTarget section */
		3908D3A8287C69CC004D31F4 /* HomeExercise */ = {
			isa = PBXNativeTarget;
			buildConfigurationList = 3908D3D3287C69CD004D31F4 /* Build configuration list for PBXNativeTarget "HomeExercise" */;
			buildPhases = (
				3908D3A5287C69CC004D31F4 /* Sources */,
				3908D3A6287C69CC004D31F4 /* Frameworks */,
				3908D3A7287C69CC004D31F4 /* Resources */,
			);
			buildRules = (
			);
			dependencies = (
			);
			name = HomeExercise;
			packageProductDependencies = (
				3908D40B287DF8EA004D31F4 /* Lottie */,
				3908D40E287DF90B004D31F4 /* SkeletonView */,
				39F8C53C287EE9EE00E30233 /* Kingfisher */,
			);
			productName = HomeExercise;
			productReference = 3908D3A9287C69CC004D31F4 /* HomeExercise.app */;
			productType = "com.apple.product-type.application";
		};
		3908D3BE287C69CD004D31F4 /* HomeExerciseTests */ = {
			isa = PBXNativeTarget;
			buildConfigurationList = 3908D3D6287C69CD004D31F4 /* Build configuration list for PBXNativeTarget "HomeExerciseTests" */;
			buildPhases = (
				3908D3BB287C69CD004D31F4 /* Sources */,
				3908D3BC287C69CD004D31F4 /* Frameworks */,
				3908D3BD287C69CD004D31F4 /* Resources */,
			);
			buildRules = (
			);
			dependencies = (
				3908D3C1287C69CD004D31F4 /* PBXTargetDependency */,
			);
			name = HomeExerciseTests;
			productName = HomeExerciseTests;
			productReference = 3908D3BF287C69CD004D31F4 /* HomeExerciseTests.xctest */;
			productType = "com.apple.product-type.bundle.unit-test";
		};
		3908D3C8287C69CD004D31F4 /* HomeExerciseUITests */ = {
			isa = PBXNativeTarget;
			buildConfigurationList = 3908D3D9287C69CD004D31F4 /* Build configuration list for PBXNativeTarget "HomeExerciseUITests" */;
			buildPhases = (
				3908D3C5287C69CD004D31F4 /* Sources */,
				3908D3C6287C69CD004D31F4 /* Frameworks */,
				3908D3C7287C69CD004D31F4 /* Resources */,
			);
			buildRules = (
			);
			dependencies = (
				3908D3CB287C69CD004D31F4 /* PBXTargetDependency */,
			);
			name = HomeExerciseUITests;
			productName = HomeExerciseUITests;
			productReference = 3908D3C9287C69CD004D31F4 /* HomeExerciseUITests.xctest */;
			productType = "com.apple.product-type.bundle.ui-testing";
		};
/* End PBXNativeTarget section */

/* Begin PBXProject section */
		3908D3A1287C69CC004D31F4 /* Project object */ = {
			isa = PBXProject;
			attributes = {
				BuildIndependentTargetsInParallel = 1;
				LastSwiftUpdateCheck = 1340;
				LastUpgradeCheck = 1340;
				TargetAttributes = {
					3908D3A8287C69CC004D31F4 = {
						CreatedOnToolsVersion = 13.4.1;
					};
					3908D3BE287C69CD004D31F4 = {
						CreatedOnToolsVersion = 13.4.1;
						LastSwiftMigration = 1340;
						TestTargetID = 3908D3A8287C69CC004D31F4;
					};
					3908D3C8287C69CD004D31F4 = {
						CreatedOnToolsVersion = 13.4.1;
						TestTargetID = 3908D3A8287C69CC004D31F4;
					};
				};
			};
			buildConfigurationList = 3908D3A4287C69CC004D31F4 /* Build configuration list for PBXProject "HomeExercise" */;
			compatibilityVersion = "Xcode 13.0";
			developmentRegion = en;
			hasScannedForEncodings = 0;
			knownRegions = (
				en,
				Base,
			);
			mainGroup = 3908D3A0287C69CC004D31F4;
			packageReferences = (
				3908D40A287DF8EA004D31F4 /* XCRemoteSwiftPackageReference "lottie-ios" */,
				3908D40D287DF90B004D31F4 /* XCRemoteSwiftPackageReference "SkeletonView" */,
				39F8C53B287EE9EE00E30233 /* XCRemoteSwiftPackageReference "Kingfisher" */,
			);
			productRefGroup = 3908D3AA287C69CC004D31F4 /* Products */;
			projectDirPath = "";
			projectRoot = "";
			targets = (
				3908D3A8287C69CC004D31F4 /* HomeExercise */,
				3908D3BE287C69CD004D31F4 /* HomeExerciseTests */,
				3908D3C8287C69CD004D31F4 /* HomeExerciseUITests */,
			);
		};
/* End PBXProject section */

/* Begin PBXResourcesBuildPhase section */
		3908D3A7287C69CC004D31F4 /* Resources */ = {
			isa = PBXResourcesBuildPhase;
			buildActionMask = 2147483647;
			files = (
				3908D3B9287C69CD004D31F4 /* LaunchScreen.storyboard in Resources */,
				3908D3B6287C69CD004D31F4 /* Assets.xcassets in Resources */,
				3908D3B4287C69CC004D31F4 /* Main.storyboard in Resources */,
				3908D419287DFA28004D31F4 /* retryLottieFile.json in Resources */,
				3908D423287DFA52004D31F4 /* TrendingRepoCell.xib in Resources */,
				3908D420287DFA52004D31F4 /* ErrorView.xib in Resources */,
			);
			runOnlyForDeploymentPostprocessing = 0;
		};
		3908D3BD287C69CD004D31F4 /* Resources */ = {
			isa = PBXResourcesBuildPhase;
			buildActionMask = 2147483647;
			files = (
			);
			runOnlyForDeploymentPostprocessing = 0;
		};
		3908D3C7287C69CD004D31F4 /* Resources */ = {
			isa = PBXResourcesBuildPhase;
			buildActionMask = 2147483647;
			files = (
			);
			runOnlyForDeploymentPostprocessing = 0;
		};
/* End PBXResourcesBuildPhase section */

/* Begin PBXSourcesBuildPhase section */
		3908D3A5287C69CC004D31F4 /* Sources */ = {
			isa = PBXSourcesBuildPhase;
			buildActionMask = 2147483647;
			files = (
				3908D3B1287C69CC004D31F4 /* HomeViewController.swift in Sources */,
				3908D3AD287C69CC004D31F4 /* AppDelegate.swift in Sources */,
				3908D3E3287C6B77004D31F4 /* AppError.swift in Sources */,
				3908D3E6287C6C94004D31F4 /* TrendingRepoWebServiceProtocol.swift in Sources */,
				3908D422287DFA52004D31F4 /* TrendingRepoCell.swift in Sources */,
				3908D411287DF96B004D31F4 /* UILabel + Ext.swift in Sources */,
				3908D3F8287CAF54004D31F4 /* NetworkService.swift in Sources */,
				3908D415287DF9AA004D31F4 /* UIView + Ext.swift in Sources */,
				3908D3ED287C6F04004D31F4 /* TrendingRepoViewModel.swift in Sources */,
				3908D3EF287C704A004D31F4 /* TrendingRepoCellViewModel.swift in Sources */,
				3908D402287D7547004D31F4 /* Constant.swift in Sources */,
				3908D3AF287C69CC004D31F4 /* SceneDelegate.swift in Sources */,
				3908D421287DFA52004D31F4 /* ErrorView.swift in Sources */,
				3908D3E9287C6DD7004D31F4 /* TrendingRepo.swift in Sources */,
				3908D413287DF987004D31F4 /* UITableView + Ext.swift in Sources */,
			);
			runOnlyForDeploymentPostprocessing = 0;
		};
		3908D3BB287C69CD004D31F4 /* Sources */ = {
			isa = PBXSourcesBuildPhase;
			buildActionMask = 2147483647;
			files = (
				3908D3FA287CB0C2004D31F4 /* NetworkServiceTest.swift in Sources */,
				3908D3F2287CA7C6004D31F4 /* TrendingViewModelTest.swift in Sources */,
				3908D405287D823E004D31F4 /* MockTrendingRepoWebService.swift in Sources */,
				3908D409287DB3EB004D31F4 /* MockURLProtocol.swift in Sources */,
				3908D3F5287CA8F8004D31F4 /* TrendingRepoCellViewModelTest.swift in Sources */,
			);
			runOnlyForDeploymentPostprocessing = 0;
		};
		3908D3C5287C69CD004D31F4 /* Sources */ = {
			isa = PBXSourcesBuildPhase;
			buildActionMask = 2147483647;
			files = (
				3908D3CE287C69CD004D31F4 /* HomeExerciseUITests.swift in Sources */,
				3908D3D0287C69CD004D31F4 /* HomeExerciseUITestsLaunchTests.swift in Sources */,
			);
			runOnlyForDeploymentPostprocessing = 0;
		};
/* End PBXSourcesBuildPhase section */

/* Begin PBXTargetDependency section */
		3908D3C1287C69CD004D31F4 /* PBXTargetDependency */ = {
			isa = PBXTargetDependency;
			target = 3908D3A8287C69CC004D31F4 /* HomeExercise */;
			targetProxy = 3908D3C0287C69CD004D31F4 /* PBXContainerItemProxy */;
		};
		3908D3CB287C69CD004D31F4 /* PBXTargetDependency */ = {
			isa = PBXTargetDependency;
			target = 3908D3A8287C69CC004D31F4 /* HomeExercise */;
			targetProxy = 3908D3CA287C69CD004D31F4 /* PBXContainerItemProxy */;
		};
/* End PBXTargetDependency section */

/* Begin PBXVariantGroup section */
		3908D3B2287C69CC004D31F4 /* Main.storyboard */ = {
			isa = PBXVariantGroup;
			children = (
				3908D3B3287C69CC004D31F4 /* Base */,
			);
			name = Main.storyboard;
			sourceTree = "<group>";
		};
		3908D3B7287C69CD004D31F4 /* LaunchScreen.storyboard */ = {
			isa = PBXVariantGroup;
			children = (
				3908D3B8287C69CD004D31F4 /* Base */,
			);
			name = LaunchScreen.storyboard;
			sourceTree = "<group>";
		};
/* End PBXVariantGroup section */

/* Begin XCBuildConfiguration section */
		3908D3D1287C69CD004D31F4 /* Debug */ = {
			isa = XCBuildConfiguration;
			buildSettings = {
				ALWAYS_SEARCH_USER_PATHS = NO;
				CLANG_ANALYZER_NONNULL = YES;
				CLANG_ANALYZER_NUMBER_OBJECT_CONVERSION = YES_AGGRESSIVE;
				CLANG_CXX_LANGUAGE_STANDARD = "gnu++17";
				CLANG_ENABLE_MODULES = YES;
				CLANG_ENABLE_OBJC_ARC = YES;
				CLANG_ENABLE_OBJC_WEAK = YES;
				CLANG_WARN_BLOCK_CAPTURE_AUTORELEASING = YES;
				CLANG_WARN_BOOL_CONVERSION = YES;
				CLANG_WARN_COMMA = YES;
				CLANG_WARN_CONSTANT_CONVERSION = YES;
				CLANG_WARN_DEPRECATED_OBJC_IMPLEMENTATIONS = YES;
				CLANG_WARN_DIRECT_OBJC_ISA_USAGE = YES_ERROR;
				CLANG_WARN_DOCUMENTATION_COMMENTS = YES;
				CLANG_WARN_EMPTY_BODY = YES;
				CLANG_WARN_ENUM_CONVERSION = YES;
				CLANG_WARN_INFINITE_RECURSION = YES;
				CLANG_WARN_INT_CONVERSION = YES;
				CLANG_WARN_NON_LITERAL_NULL_CONVERSION = YES;
				CLANG_WARN_OBJC_IMPLICIT_RETAIN_SELF = YES;
				CLANG_WARN_OBJC_LITERAL_CONVERSION = YES;
				CLANG_WARN_OBJC_ROOT_CLASS = YES_ERROR;
				CLANG_WARN_QUOTED_INCLUDE_IN_FRAMEWORK_HEADER = YES;
				CLANG_WARN_RANGE_LOOP_ANALYSIS = YES;
				CLANG_WARN_STRICT_PROTOTYPES = YES;
				CLANG_WARN_SUSPICIOUS_MOVE = YES;
				CLANG_WARN_UNGUARDED_AVAILABILITY = YES_AGGRESSIVE;
				CLANG_WARN_UNREACHABLE_CODE = YES;
				CLANG_WARN__DUPLICATE_METHOD_MATCH = YES;
				COPY_PHASE_STRIP = NO;
				DEBUG_INFORMATION_FORMAT = dwarf;
				ENABLE_STRICT_OBJC_MSGSEND = YES;
				ENABLE_TESTABILITY = YES;
				GCC_C_LANGUAGE_STANDARD = gnu11;
				GCC_DYNAMIC_NO_PIC = NO;
				GCC_NO_COMMON_BLOCKS = YES;
				GCC_OPTIMIZATION_LEVEL = 0;
				GCC_PREPROCESSOR_DEFINITIONS = (
					"DEBUG=1",
					"$(inherited)",
				);
				GCC_WARN_64_TO_32_BIT_CONVERSION = YES;
				GCC_WARN_ABOUT_RETURN_TYPE = YES_ERROR;
				GCC_WARN_UNDECLARED_SELECTOR = YES;
				GCC_WARN_UNINITIALIZED_AUTOS = YES_AGGRESSIVE;
				GCC_WARN_UNUSED_FUNCTION = YES;
				GCC_WARN_UNUSED_VARIABLE = YES;
				IPHONEOS_DEPLOYMENT_TARGET = 13.0;
				MTL_ENABLE_DEBUG_INFO = INCLUDE_SOURCE;
				MTL_FAST_MATH = YES;
				ONLY_ACTIVE_ARCH = YES;
				SDKROOT = iphoneos;
				SWIFT_ACTIVE_COMPILATION_CONDITIONS = DEBUG;
				SWIFT_OPTIMIZATION_LEVEL = "-Onone";
			};
			name = Debug;
		};
		3908D3D2287C69CD004D31F4 /* Release */ = {
			isa = XCBuildConfiguration;
			buildSettings = {
				ALWAYS_SEARCH_USER_PATHS = NO;
				CLANG_ANALYZER_NONNULL = YES;
				CLANG_ANALYZER_NUMBER_OBJECT_CONVERSION = YES_AGGRESSIVE;
				CLANG_CXX_LANGUAGE_STANDARD = "gnu++17";
				CLANG_ENABLE_MODULES = YES;
				CLANG_ENABLE_OBJC_ARC = YES;
				CLANG_ENABLE_OBJC_WEAK = YES;
				CLANG_WARN_BLOCK_CAPTURE_AUTORELEASING = YES;
				CLANG_WARN_BOOL_CONVERSION = YES;
				CLANG_WARN_COMMA = YES;
				CLANG_WARN_CONSTANT_CONVERSION = YES;
				CLANG_WARN_DEPRECATED_OBJC_IMPLEMENTATIONS = YES;
				CLANG_WARN_DIRECT_OBJC_ISA_USAGE = YES_ERROR;
				CLANG_WARN_DOCUMENTATION_COMMENTS = YES;
				CLANG_WARN_EMPTY_BODY = YES;
				CLANG_WARN_ENUM_CONVERSION = YES;
				CLANG_WARN_INFINITE_RECURSION = YES;
				CLANG_WARN_INT_CONVERSION = YES;
				CLANG_WARN_NON_LITERAL_NULL_CONVERSION = YES;
				CLANG_WARN_OBJC_IMPLICIT_RETAIN_SELF = YES;
				CLANG_WARN_OBJC_LITERAL_CONVERSION = YES;
				CLANG_WARN_OBJC_ROOT_CLASS = YES_ERROR;
				CLANG_WARN_QUOTED_INCLUDE_IN_FRAMEWORK_HEADER = YES;
				CLANG_WARN_RANGE_LOOP_ANALYSIS = YES;
				CLANG_WARN_STRICT_PROTOTYPES = YES;
				CLANG_WARN_SUSPICIOUS_MOVE = YES;
				CLANG_WARN_UNGUARDED_AVAILABILITY = YES_AGGRESSIVE;
				CLANG_WARN_UNREACHABLE_CODE = YES;
				CLANG_WARN__DUPLICATE_METHOD_MATCH = YES;
				COPY_PHASE_STRIP = NO;
				DEBUG_INFORMATION_FORMAT = "dwarf-with-dsym";
				ENABLE_NS_ASSERTIONS = NO;
				ENABLE_STRICT_OBJC_MSGSEND = YES;
				GCC_C_LANGUAGE_STANDARD = gnu11;
				GCC_NO_COMMON_BLOCKS = YES;
				GCC_WARN_64_TO_32_BIT_CONVERSION = YES;
				GCC_WARN_ABOUT_RETURN_TYPE = YES_ERROR;
				GCC_WARN_UNDECLARED_SELECTOR = YES;
				GCC_WARN_UNINITIALIZED_AUTOS = YES_AGGRESSIVE;
				GCC_WARN_UNUSED_FUNCTION = YES;
				GCC_WARN_UNUSED_VARIABLE = YES;
				IPHONEOS_DEPLOYMENT_TARGET = 13.0;
				MTL_ENABLE_DEBUG_INFO = NO;
				MTL_FAST_MATH = YES;
				SDKROOT = iphoneos;
				SWIFT_COMPILATION_MODE = wholemodule;
				SWIFT_OPTIMIZATION_LEVEL = "-O";
				VALIDATE_PRODUCT = YES;
			};
			name = Release;
		};
		3908D3D4287C69CD004D31F4 /* Debug */ = {
			isa = XCBuildConfiguration;
			buildSettings = {
				ASSETCATALOG_COMPILER_APPICON_NAME = AppIcon;
				ASSETCATALOG_COMPILER_GLOBAL_ACCENT_COLOR_NAME = AccentColor;
				CODE_SIGN_STYLE = Automatic;
				CURRENT_PROJECT_VERSION = 1;
				GENERATE_INFOPLIST_FILE = YES;
				INFOPLIST_FILE = HomeExercise/Info.plist;
				INFOPLIST_KEY_UIApplicationSupportsIndirectInputEvents = YES;
				INFOPLIST_KEY_UILaunchStoryboardName = LaunchScreen;
				INFOPLIST_KEY_UIMainStoryboardFile = Main;
				INFOPLIST_KEY_UISupportedInterfaceOrientations = UIInterfaceOrientationPortrait;
				INFOPLIST_KEY_UISupportedInterfaceOrientations_iPad = "UIInterfaceOrientationPortrait UIInterfaceOrientationPortraitUpsideDown UIInterfaceOrientationLandscapeLeft UIInterfaceOrientationLandscapeRight";
				INFOPLIST_KEY_UISupportedInterfaceOrientations_iPhone = "UIInterfaceOrientationPortrait UIInterfaceOrientationLandscapeLeft UIInterfaceOrientationLandscapeRight";
				LD_RUNPATH_SEARCH_PATHS = (
					"$(inherited)",
					"@executable_path/Frameworks",
				);
				MARKETING_VERSION = 1.0;
				PRODUCT_BUNDLE_IDENTIFIER = com.junaid.HomeExercise;
				PRODUCT_NAME = "$(TARGET_NAME)";
				SWIFT_EMIT_LOC_STRINGS = YES;
				SWIFT_VERSION = 5.0;
				TARGETED_DEVICE_FAMILY = 1;
			};
			name = Debug;
		};
		3908D3D5287C69CD004D31F4 /* Release */ = {
			isa = XCBuildConfiguration;
			buildSettings = {
				ASSETCATALOG_COMPILER_APPICON_NAME = AppIcon;
				ASSETCATALOG_COMPILER_GLOBAL_ACCENT_COLOR_NAME = AccentColor;
				CODE_SIGN_STYLE = Automatic;
				CURRENT_PROJECT_VERSION = 1;
				GENERATE_INFOPLIST_FILE = YES;
				INFOPLIST_FILE = HomeExercise/Info.plist;
				INFOPLIST_KEY_UIApplicationSupportsIndirectInputEvents = YES;
				INFOPLIST_KEY_UILaunchStoryboardName = LaunchScreen;
				INFOPLIST_KEY_UIMainStoryboardFile = Main;
				INFOPLIST_KEY_UISupportedInterfaceOrientations = UIInterfaceOrientationPortrait;
				INFOPLIST_KEY_UISupportedInterfaceOrientations_iPad = "UIInterfaceOrientationPortrait UIInterfaceOrientationPortraitUpsideDown UIInterfaceOrientationLandscapeLeft UIInterfaceOrientationLandscapeRight";
				INFOPLIST_KEY_UISupportedInterfaceOrientations_iPhone = "UIInterfaceOrientationPortrait UIInterfaceOrientationLandscapeLeft UIInterfaceOrientationLandscapeRight";
				LD_RUNPATH_SEARCH_PATHS = (
					"$(inherited)",
					"@executable_path/Frameworks",
				);
				MARKETING_VERSION = 1.0;
				PRODUCT_BUNDLE_IDENTIFIER = com.junaid.HomeExercise;
				PRODUCT_NAME = "$(TARGET_NAME)";
				SWIFT_EMIT_LOC_STRINGS = YES;
				SWIFT_VERSION = 5.0;
				TARGETED_DEVICE_FAMILY = 1;
			};
			name = Release;
		};
		3908D3D7287C69CD004D31F4 /* Debug */ = {
			isa = XCBuildConfiguration;
			buildSettings = {
				ALWAYS_EMBED_SWIFT_STANDARD_LIBRARIES = YES;
				BUNDLE_LOADER = "$(TEST_HOST)";
				CLANG_ENABLE_MODULES = YES;
				CODE_SIGN_STYLE = Automatic;
				CURRENT_PROJECT_VERSION = 1;
				GENERATE_INFOPLIST_FILE = YES;
				IPHONEOS_DEPLOYMENT_TARGET = 15.5;
				LD_RUNPATH_SEARCH_PATHS = (
					"$(inherited)",
					"@executable_path/Frameworks",
					"@loader_path/Frameworks",
				);
				MARKETING_VERSION = 1.0;
				PRODUCT_BUNDLE_IDENTIFIER = com.junaid.HomeExerciseTests;
				PRODUCT_NAME = "$(TARGET_NAME)";
				SWIFT_EMIT_LOC_STRINGS = NO;
				SWIFT_OPTIMIZATION_LEVEL = "-Onone";
				SWIFT_VERSION = 5.0;
				TARGETED_DEVICE_FAMILY = "1,2";
				TEST_HOST = "$(BUILT_PRODUCTS_DIR)/HomeExercise.app/HomeExercise";
			};
			name = Debug;
		};
		3908D3D8287C69CD004D31F4 /* Release */ = {
			isa = XCBuildConfiguration;
			buildSettings = {
				ALWAYS_EMBED_SWIFT_STANDARD_LIBRARIES = YES;
				BUNDLE_LOADER = "$(TEST_HOST)";
				CLANG_ENABLE_MODULES = YES;
				CODE_SIGN_STYLE = Automatic;
				CURRENT_PROJECT_VERSION = 1;
				GENERATE_INFOPLIST_FILE = YES;
				IPHONEOS_DEPLOYMENT_TARGET = 15.5;
				LD_RUNPATH_SEARCH_PATHS = (
					"$(inherited)",
					"@executable_path/Frameworks",
					"@loader_path/Frameworks",
				);
				MARKETING_VERSION = 1.0;
				PRODUCT_BUNDLE_IDENTIFIER = com.junaid.HomeExerciseTests;
				PRODUCT_NAME = "$(TARGET_NAME)";
				SWIFT_EMIT_LOC_STRINGS = NO;
				SWIFT_VERSION = 5.0;
				TARGETED_DEVICE_FAMILY = "1,2";
				TEST_HOST = "$(BUILT_PRODUCTS_DIR)/HomeExercise.app/HomeExercise";
			};
			name = Release;
		};
		3908D3DA287C69CD004D31F4 /* Debug */ = {
			isa = XCBuildConfiguration;
			buildSettings = {
				ALWAYS_EMBED_SWIFT_STANDARD_LIBRARIES = YES;
				CODE_SIGN_STYLE = Automatic;
				CURRENT_PROJECT_VERSION = 1;
				GENERATE_INFOPLIST_FILE = YES;
				MARKETING_VERSION = 1.0;
				PRODUCT_BUNDLE_IDENTIFIER = com.junaid.HomeExerciseUITests;
				PRODUCT_NAME = "$(TARGET_NAME)";
				SWIFT_EMIT_LOC_STRINGS = NO;
				SWIFT_VERSION = 5.0;
				TARGETED_DEVICE_FAMILY = "1,2";
				TEST_TARGET_NAME = HomeExercise;
			};
			name = Debug;
		};
		3908D3DB287C69CD004D31F4 /* Release */ = {
			isa = XCBuildConfiguration;
			buildSettings = {
				ALWAYS_EMBED_SWIFT_STANDARD_LIBRARIES = YES;
				CODE_SIGN_STYLE = Automatic;
				CURRENT_PROJECT_VERSION = 1;
				GENERATE_INFOPLIST_FILE = YES;
				MARKETING_VERSION = 1.0;
				PRODUCT_BUNDLE_IDENTIFIER = com.junaid.HomeExerciseUITests;
				PRODUCT_NAME = "$(TARGET_NAME)";
				SWIFT_EMIT_LOC_STRINGS = NO;
				SWIFT_VERSION = 5.0;
				TARGETED_DEVICE_FAMILY = "1,2";
				TEST_TARGET_NAME = HomeExercise;
			};
			name = Release;
		};
/* End XCBuildConfiguration section */

/* Begin XCConfigurationList section */
		3908D3A4287C69CC004D31F4 /* Build configuration list for PBXProject "HomeExercise" */ = {
			isa = XCConfigurationList;
			buildConfigurations = (
				3908D3D1287C69CD004D31F4 /* Debug */,
				3908D3D2287C69CD004D31F4 /* Release */,
			);
			defaultConfigurationIsVisible = 0;
			defaultConfigurationName = Release;
		};
		3908D3D3287C69CD004D31F4 /* Build configuration list for PBXNativeTarget "HomeExercise" */ = {
			isa = XCConfigurationList;
			buildConfigurations = (
				3908D3D4287C69CD004D31F4 /* Debug */,
				3908D3D5287C69CD004D31F4 /* Release */,
			);
			defaultConfigurationIsVisible = 0;
			defaultConfigurationName = Release;
		};
		3908D3D6287C69CD004D31F4 /* Build configuration list for PBXNativeTarget "HomeExerciseTests" */ = {
			isa = XCConfigurationList;
			buildConfigurations = (
				3908D3D7287C69CD004D31F4 /* Debug */,
				3908D3D8287C69CD004D31F4 /* Release */,
			);
			defaultConfigurationIsVisible = 0;
			defaultConfigurationName = Release;
		};
		3908D3D9287C69CD004D31F4 /* Build configuration list for PBXNativeTarget "HomeExerciseUITests" */ = {
			isa = XCConfigurationList;
			buildConfigurations = (
				3908D3DA287C69CD004D31F4 /* Debug */,
				3908D3DB287C69CD004D31F4 /* Release */,
			);
			defaultConfigurationIsVisible = 0;
			defaultConfigurationName = Release;
		};
/* End XCConfigurationList section */

/* Begin XCRemoteSwiftPackageReference section */
		3908D40A287DF8EA004D31F4 /* XCRemoteSwiftPackageReference "lottie-ios" */ = {
			isa = XCRemoteSwiftPackageReference;
			repositoryURL = "https://github.com/airbnb/lottie-ios.git";
			requirement = {
				branch = master;
				kind = branch;
			};
		};
		3908D40D287DF90B004D31F4 /* XCRemoteSwiftPackageReference "SkeletonView" */ = {
			isa = XCRemoteSwiftPackageReference;
			repositoryURL = "https://github.com/Juanpe/SkeletonView.git";
			requirement = {
				branch = main;
				kind = branch;
			};
		};
		39F8C53B287EE9EE00E30233 /* XCRemoteSwiftPackageReference "Kingfisher" */ = {
			isa = XCRemoteSwiftPackageReference;
			repositoryURL = "https://github.com/onevcat/Kingfisher.git";
			requirement = {
				kind = upToNextMajorVersion;
				minimumVersion = 7.0.0;
			};
		};
/* End XCRemoteSwiftPackageReference section */

/* Begin XCSwiftPackageProductDependency section */
		3908D40B287DF8EA004D31F4 /* Lottie */ = {
			isa = XCSwiftPackageProductDependency;
			package = 3908D40A287DF8EA004D31F4 /* XCRemoteSwiftPackageReference "lottie-ios" */;
			productName = Lottie;
		};
		3908D40E287DF90B004D31F4 /* SkeletonView */ = {
			isa = XCSwiftPackageProductDependency;
			package = 3908D40D287DF90B004D31F4 /* XCRemoteSwiftPackageReference "SkeletonView" */;
			productName = SkeletonView;
		};
		39F8C53C287EE9EE00E30233 /* Kingfisher */ = {
			isa = XCSwiftPackageProductDependency;
			package = 39F8C53B287EE9EE00E30233 /* XCRemoteSwiftPackageReference "Kingfisher" */;
			productName = Kingfisher;
		};
/* End XCSwiftPackageProductDependency section */
	};
	rootObject = 3908D3A1287C69CC004D31F4 /* Project object */;
}
