// !$*UTF8*$!
{
	archiveVersion = 1;
	classes = {
	};
	objectVersion = 55;
	objects = {

/* Begin PBXBuildFile section */
		3908D3AD287C69CC004D31F4 /* AppDelegate.swift in Sources */ = {isa = PBXBuildFile; fileRef = 3908D3AC287C69CC004D31F4 /* AppDelegate.swift */; };
		3908D3AF287C69CC004D31F4 /* SceneDelegate.swift in Sources */ = {isa = PBXBuildFile; fileRef = 3908D3AE287C69CC004D31F4 /* SceneDelegate.swift */; };
		3908D3B1287C69CC004D31F4 /* ViewController.swift in Sources */ = {isa = PBXBuildFile; fileRef = 3908D3B0287C69CC004D31F4 /* ViewController.swift */; };
		3908D3B4287C69CC004D31F4 /* Main.storyboard in Resources */ = {isa = PBXBuildFile; fileRef = 3908D3B2287C69CC004D31F4 /* Main.storyboard */; };
		3908D3B6287C69CD004D31F4 /* Assets.xcassets in Resources */ = {isa = PBXBuildFile; fileRef = 3908D3B5287C69CD004D31F4 /* Assets.xcassets */; };
		3908D3B9287C69CD004D31F4 /* LaunchScreen.storyboard in Resources */ = {isa = PBXBuildFile; fileRef = 3908D3B7287C69CD004D31F4 /* LaunchScreen.storyboard */; };
		3908D3C4287C69CD004D31F4 /* HomeExerciseTests.swift in Sources */ = {isa = PBXBuildFile; fileRef = 3908D3C3287C69CD004D31F4 /* HomeExerciseTests.swift */; };
		3908D3CE287C69CD004D31F4 /* HomeExerciseUITests.swift in Sources */ = {isa = PBXBuildFile; fileRef = 3908D3CD287C69CD004D31F4 /* HomeExerciseUITests.swift */; };
		3908D3D0287C69CD004D31F4 /* HomeExerciseUITestsLaunchTests.swift in Sources */ = {isa = PBXBuildFile; fileRef = 3908D3CF287C69CD004D31F4 /* HomeExerciseUITestsLaunchTests.swift */; };
/* End PBXBuildFile section */

/* Begin PBXContainerItemProxy section */
		3908D3C0287C69CD004D31F4 /* PBXContainerItemProxy */ = {
			isa = PBXContainerItemProxy;
			containerPortal = 3908D3A1287C69CC004D31F4 /* Project object */;
			proxyType = 1;
			remoteGlobalIDString = 3908D3A8287C69CC004D31F4;
			remoteInfo = HomeExercise;
		};
		3908D3CA287C69CD004D31F4 /* PBXContainerItemProxy */ = {
			isa = PBXContainerItemProxy;
			containerPortal = 3908D3A1287C69CC004D31F4 /* Project object */;
			proxyType = 1;
			remoteGlobalIDString = 3908D3A8287C69CC004D31F4;
			remoteInfo = HomeExercise;
		};
/* End PBXContainerItemProxy section */

/* Begin PBXFileReference section */
		3908D3A9287C69CC004D31F4 /* HomeExercise.app */ = {isa = PBXFileReference; explicitFileType = wrapper.application; includeInIndex = 0; path = HomeExercise.app; sourceTree = BUILT_PRODUCTS_DIR; };
		3908D3AC287C69CC004D31F4 /* AppDelegate.swift */ = {isa = PBXFileReference; lastKnownFileType = sourcecode.swift; path = AppDelegate.swift; sourceTree = "<group>"; };
		3908D3AE287C69CC004D31F4 /* SceneDelegate.swift */ = {isa = PBXFileReference; lastKnownFileType = sourcecode.swift; path = SceneDelegate.swift; sourceTree = "<group>"; };
		3908D3B0287C69CC004D31F4 /* ViewController.swift */ = {isa = PBXFileReference; lastKnownFileType = sourcecode.swift; path = ViewController.swift; sourceTree = "<group>"; };
		3908D3B3287C69CC004D31F4 /* Base */ = {isa = PBXFileReference; lastKnownFileType = file.storyboard; name = Base; path = Base.lproj/Main.storyboard; sourceTree = "<group>"; };
		3908D3B5287C69CD004D31F4 /* Assets.xcassets */ = {isa = PBXFileReference; lastKnownFileType = folder.assetcatalog; path = Assets.xcassets; sourceTree = "<group>"; };
		3908D3B8287C69CD004D31F4 /* Base */ = {isa = PBXFileReference; lastKnownFileType = file.storyboard; name = Base; path = Base.lproj/LaunchScreen.storyboard; sourceTree = "<group>"; };
		3908D3BA287C69CD004D31F4 /* Info.plist */ = {isa = PBXFileReference; lastKnownFileType = text.plist.xml; path = Info.plist; sourceTree = "<group>"; };
		3908D3BF287C69CD004D31F4 /* HomeExerciseTests.xctest */ = {isa = PBXFileReference; explicitFileType = wrapper.cfbundle; includeInIndex = 0; path = HomeExerciseTests.xctest; sourceTree = BUILT_PRODUCTS_DIR; };
		3908D3C3287C69CD004D31F4 /* HomeExerciseTests.swift */ = {isa = PBXFileReference; lastKnownFileType = sourcecode.swift; path = HomeExerciseTests.swift; sourceTree = "<group>"; };
		3908D3C9287C69CD004D31F4 /* HomeExerciseUITests.xctest */ = {isa = PBXFileReference; explicitFileType = wrapper.cfbundle; includeInIndex = 0; path = HomeExerciseUITests.xctest; sourceTree = BUILT_PRODUCTS_DIR; };
		3908D3CD287C69CD004D31F4 /* HomeExerciseUITests.swift */ = {isa = PBXFileReference; lastKnownFileType = sourcecode.swift; path = HomeExerciseUITests.swift; sourceTree = "<group>"; };
		3908D3CF287C69CD004D31F4 /* HomeExerciseUITestsLaunchTests.swift */ = {isa = PBXFileReference; lastKnownFileType = sourcecode.swift; path = HomeExerciseUITestsLaunchTests.swift; sourceTree = "<group>"; };
/* End PBXFileReference section */

/* Begin PBXFrameworksBuildPhase section */
		3908D3A6287C69CC004D31F4 /* Frameworks */ = {
			isa = PBXFrameworksBuildPhase;
			buildActionMask = 2147483647;
			files = (
			);
			runOnlyForDeploymentPostprocessing = 0;
		};
		3908D3BC287C69CD004D31F4 /* Frameworks */ = {
			isa = PBXFrameworksBuildPhase;
			buildActionMask = 2147483647;
			files = (
			);
			runOnlyForDeploymentPostprocessing = 0;
		};
		3908D3C6287C69CD004D31F4 /* Frameworks */ = {
			isa = PBXFrameworksBuildPhase;
			buildActionMask = 2147483647;
			files = (
			);
			runOnlyForDeploymentPostprocessing = 0;
		};
/* End PBXFrameworksBuildPhase section */

/* Begin PBXGroup section */
		3908D3A0287C69CC004D31F4 = {
			isa = PBXGroup;
			children = (
				3908D3AB287C69CC004D31F4 /* HomeExercise */,
				3908D3C2287C69CD004D31F4 /* HomeExerciseTests */,
				3908D3CC287C69CD004D31F4 /* HomeExerciseUITests */,
				3908D3AA287C69CC004D31F4 /* Products */,
			);
			sourceTree = "<group>";
		};
		3908D3AA287C69CC004D31F4 /* Products */ = {
			isa = PBXGroup;
			children = (
				3908D3A9287C69CC004D31F4 /* HomeExercise.app */,
				3908D3BF287C69CD004D31F4 /* HomeExerciseTests.xctest */,
				3908D3C9287C69CD004D31F4 /* HomeExerciseUITests.xctest */,
			);
			name = Products;
			sourceTree = "<group>";
		};
		3908D3AB287C69CC004D31F4 /* HomeExercise */ = {
			isa = PBXGroup;
			children = (
				3908D3AC287C69CC004D31F4 /* AppDelegate.swift */,
				3908D3AE287C69CC004D31F4 /* SceneDelegate.swift */,
				3908D3B0287C69CC004D31F4 /* ViewController.swift */,
				3908D3B2287C69CC004D31F4 /* Main.storyboard */,
				3908D3B5287C69CD004D31F4 /* Assets.xcassets */,
				3908D3B7287C69CD004D31F4 /* LaunchScreen.storyboard */,
				3908D3BA287C69CD004D31F4 /* Info.plist */,
			);
			path = HomeExercise;
			sourceTree = "<group>";
		};
		3908D3C2287C69CD004D31F4 /* HomeExerciseTests */ = {
			isa = PBXGroup;
			children = (
				3908D3C3287C69CD004D31F4 /* HomeExerciseTests.swift */,
			);
			path = HomeExerciseTests;
			sourceTree = "<group>";
		};
		3908D3CC287C69CD004D31F4 /* HomeExerciseUITests */ = {
			isa = PBXGroup;
			children = (
				3908D3CD287C69CD004D31F4 /* HomeExerciseUITests.swift */,
				3908D3CF287C69CD004D31F4 /* HomeExerciseUITestsLaunchTests.swift */,
			);
			path = HomeExerciseUITests;
			sourceTree = "<group>";
		};
/* End PBXGroup section */

/* Begin PBXNativeTarget section */
		3908D3A8287C69CC004D31F4 /* HomeExercise */ = {
			isa = PBXNativeTarget;
			buildConfigurationList = 3908D3D3287C69CD004D31F4 /* Build configuration list for PBXNativeTarget "HomeExercise" */;
			buildPhases = (
				3908D3A5287C69CC004D31F4 /* Sources */,
				3908D3A6287C69CC004D31F4 /* Frameworks */,
				3908D3A7287C69CC004D31F4 /* Resources */,
			);
			buildRules = (
			);
			dependencies = (
			);
			name = HomeExercise;
			productName = HomeExercise;
			productReference = 3908D3A9287C69CC004D31F4 /* HomeExercise.app */;
			productType = "com.apple.product-type.application";
		};
		3908D3BE287C69CD004D31F4 /* HomeExerciseTests */ = {
			isa = PBXNativeTarget;
			buildConfigurationList = 3908D3D6287C69CD004D31F4 /* Build configuration list for PBXNativeTarget "HomeExerciseTests" */;
			buildPhases = (
				3908D3BB287C69CD004D31F4 /* Sources */,
				3908D3BC287C69CD004D31F4 /* Frameworks */,
				3908D3BD287C69CD004D31F4 /* Resources */,
			);
			buildRules = (
			);
			dependencies = (
				3908D3C1287C69CD004D31F4 /* PBXTargetDependency */,
			);
			name = HomeExerciseTests;
			productName = HomeExerciseTests;
			productReference = 3908D3BF287C69CD004D31F4 /* HomeExerciseTests.xctest */;
			productType = "com.apple.product-type.bundle.unit-test";
		};
		3908D3C8287C69CD004D31F4 /* HomeExerciseUITests */ = {
			isa = PBXNativeTarget;
			buildConfigurationList = 3908D3D9287C69CD004D31F4 /* Build configuration list for PBXNativeTarget "HomeExerciseUITests" */;
			buildPhases = (
				3908D3C5287C69CD004D31F4 /* Sources */,
				3908D3C6287C69CD004D31F4 /* Frameworks */,
				3908D3C7287C69CD004D31F4 /* Resources */,
			);
			buildRules = (
			);
			dependencies = (
				3908D3CB287C69CD004D31F4 /* PBXTargetDependency */,
			);
			name = HomeExerciseUITests;
			productName = HomeExerciseUITests;
			productReference = 3908D3C9287C69CD004D31F4 /* HomeExerciseUITests.xctest */;
			productType = "com.apple.product-type.bundle.ui-testing";
		};
/* End PBXNativeTarget section */

/* Begin PBXProject section */
		3908D3A1287C69CC004D31F4 /* Project object */ = {
			isa = PBXProject;
			attributes = {
				BuildIndependentTargetsInParallel = 1;
				LastSwiftUpdateCheck = 1340;
				LastUpgradeCheck = 1340;
				TargetAttributes = {
					3908D3A8287C69CC004D31F4 = {
						CreatedOnToolsVersion = 13.4.1;
					};
					3908D3BE287C69CD004D31F4 = {
						CreatedOnToolsVersion = 13.4.1;
						TestTargetID = 3908D3A8287C69CC004D31F4;
					};
					3908D3C8287C69CD004D31F4 = {
						CreatedOnToolsVersion = 13.4.1;
						TestTargetID = 3908D3A8287C69CC004D31F4;
					};
				};
			};
			buildConfigurationList = 3908D3A4287C69CC004D31F4 /* Build configuration list for PBXProject "HomeExercise" */;
			compatibilityVersion = "Xcode 13.0";
			developmentRegion = en;
			hasScannedForEncodings = 0;
			knownRegions = (
				en,
				Base,
			);
			mainGroup = 3908D3A0287C69CC004D31F4;
			productRefGroup = 3908D3AA287C69CC004D31F4 /* Products */;
			projectDirPath = "";
			projectRoot = "";
			targets = (
				3908D3A8287C69CC004D31F4 /* HomeExercise */,
				3908D3BE287C69CD004D31F4 /* HomeExerciseTests */,
				3908D3C8287C69CD004D31F4 /* HomeExerciseUITests */,
			);
		};
/* End PBXProject section */

/* Begin PBXResourcesBuildPhase section */
		3908D3A7287C69CC004D31F4 /* Resources */ = {
			isa = PBXResourcesBuildPhase;
			buildActionMask = 2147483647;
			files = (
				3908D3B9287C69CD004D31F4 /* LaunchScreen.storyboard in Resources */,
				3908D3B6287C69CD004D31F4 /* Assets.xcassets in Resources */,
				3908D3B4287C69CC004D31F4 /* Main.storyboard in Resources */,
			);
			runOnlyForDeploymentPostprocessing = 0;
		};
		3908D3BD287C69CD004D31F4 /* Resources */ = {
			isa = PBXResourcesBuildPhase;
			buildActionMask = 2147483647;
			files = (
			);
			runOnlyForDeploymentPostprocessing = 0;
		};
		3908D3C7287C69CD004D31F4 /* Resources */ = {
			isa = PBXResourcesBuildPhase;
			buildActionMask = 2147483647;
			files = (
			);
			runOnlyForDeploymentPostprocessing = 0;
		};
/* End PBXResourcesBuildPhase section */

/* Begin PBXSourcesBuildPhase section */
		3908D3A5287C69CC004D31F4 /* Sources */ = {
			isa = PBXSourcesBuildPhase;
			buildActionMask = 2147483647;
			files = (
				3908D3B1287C69CC004D31F4 /* ViewController.swift in Sources */,
				3908D3AD287C69CC004D31F4 /* AppDelegate.swift in Sources */,
				3908D3AF287C69CC004D31F4 /* SceneDelegate.swift in Sources */,
			);
			runOnlyForDeploymentPostprocessing = 0;
		};
		3908D3BB287C69CD004D31F4 /* Sources */ = {
			isa = PBXSourcesBuildPhase;
			buildActionMask = 2147483647;
			files = (
				3908D3C4287C69CD004D31F4 /* HomeExerciseTests.swift in Sources */,
			);
			runOnlyForDeploymentPostprocessing = 0;
		};
		3908D3C5287C69CD004D31F4 /* Sources */ = {
			isa = PBXSourcesBuildPhase;
			buildActionMask = 2147483647;
			files = (
				3908D3CE287C69CD004D31F4 /* HomeExerciseUITests.swift in Sources */,
				3908D3D0287C69CD004D31F4 /* HomeExerciseUITestsLaunchTests.swift in Sources */,
			);
			runOnlyForDeploymentPostprocessing = 0;
		};
/* End PBXSourcesBuildPhase section */

/* Begin PBXTargetDependency section */
		3908D3C1287C69CD004D31F4 /* PBXTargetDependency */ = {
			isa = PBXTargetDependency;
			target = 3908D3A8287C69CC004D31F4 /* HomeExercise */;
			targetProxy = 3908D3C0287C69CD004D31F4 /* PBXContainerItemProxy */;
		};
		3908D3CB287C69CD004D31F4 /* PBXTargetDependency */ = {
			isa = PBXTargetDependency;
			target = 3908D3A8287C69CC004D31F4 /* HomeExercise */;
			targetProxy = 3908D3CA287C69CD004D31F4 /* PBXContainerItemProxy */;
		};
/* End PBXTargetDependency section */

/* Begin PBXVariantGroup section */
		3908D3B2287C69CC004D31F4 /* Main.storyboard */ = {
			isa = PBXVariantGroup;
			children = (
				3908D3B3287C69CC004D31F4 /* Base */,
			);
			name = Main.storyboard;
			sourceTree = "<group>";
		};
		3908D3B7287C69CD004D31F4 /* LaunchScreen.storyboard */ = {
			isa = PBXVariantGroup;
			children = (
				3908D3B8287C69CD004D31F4 /* Base */,
			);
			name = LaunchScreen.storyboard;
			sourceTree = "<group>";
		};
/* End PBXVariantGroup section */

/* Begin XCBuildConfiguration section */
		3908D3D1287C69CD004D31F4 /* Debug */ = {
			isa = XCBuildConfiguration;
			buildSettings = {
				ALWAYS_SEARCH_USER_PATHS = NO;
				CLANG_ANALYZER_NONNULL = YES;
				CLANG_ANALYZER_NUMBER_OBJECT_CONVERSION = YES_AGGRESSIVE;
				CLANG_CXX_LANGUAGE_STANDARD = "gnu++17";
				CLANG_ENABLE_MODULES = YES;
				CLANG_ENABLE_OBJC_ARC = YES;
				CLANG_ENABLE_OBJC_WEAK = YES;
				CLANG_WARN_BLOCK_CAPTURE_AUTORELEASING = YES;
				CLANG_WARN_BOOL_CONVERSION = YES;
				CLANG_WARN_COMMA = YES;
				CLANG_WARN_CONSTANT_CONVERSION = YES;
				CLANG_WARN_DEPRECATED_OBJC_IMPLEMENTATIONS = YES;
				CLANG_WARN_DIRECT_OBJC_ISA_USAGE = YES_ERROR;
				CLANG_WARN_DOCUMENTATION_COMMENTS = YES;
				CLANG_WARN_EMPTY_BODY = YES;
				CLANG_WARN_ENUM_CONVERSION = YES;
				CLANG_WARN_INFINITE_RECURSION = YES;
				CLANG_WARN_INT_CONVERSION = YES;
				CLANG_WARN_NON_LITERAL_NULL_CONVERSION = YES;
				CLANG_WARN_OBJC_IMPLICIT_RETAIN_SELF = YES;
				CLANG_WARN_OBJC_LITERAL_CONVERSION = YES;
				CLANG_WARN_OBJC_ROOT_CLASS = YES_ERROR;
				CLANG_WARN_QUOTED_INCLUDE_IN_FRAMEWORK_HEADER = YES;
				CLANG_WARN_RANGE_LOOP_ANALYSIS = YES;
				CLANG_WARN_STRICT_PROTOTYPES = YES;
				CLANG_WARN_SUSPICIOUS_MOVE = YES;
				CLANG_WARN_UNGUARDED_AVAILABILITY = YES_AGGRESSIVE;
				CLANG_WARN_UNREACHABLE_CODE = YES;
				CLANG_WARN__DUPLICATE_METHOD_MATCH = YES;
				COPY_PHASE_STRIP = NO;
				DEBUG_INFORMATION_FORMAT = dwarf;
				ENABLE_STRICT_OBJC_MSGSEND = YES;
				ENABLE_TESTABILITY = YES;
				GCC_C_LANGUAGE_STANDARD = gnu11;
				GCC_DYNAMIC_NO_PIC = NO;
				GCC_NO_COMMON_BLOCKS = YES;
				GCC_OPTIMIZATION_LEVEL = 0;
				GCC_PREPROCESSOR_DEFINITIONS = (
					"DEBUG=1",
					"$(inherited)",
				);
				GCC_WARN_64_TO_32_BIT_CONVERSION = YES;
				GCC_WARN_ABOUT_RETURN_TYPE = YES_ERROR;
				GCC_WARN_UNDECLARED_SELECTOR = YES;
				GCC_WARN_UNINITIALIZED_AUTOS = YES_AGGRESSIVE;
				GCC_WARN_UNUSED_FUNCTION = YES;
				GCC_WARN_UNUSED_VARIABLE = YES;
				IPHONEOS_DEPLOYMENT_TARGET = 15.5;
				MTL_ENABLE_DEBUG_INFO = INCLUDE_SOURCE;
				MTL_FAST_MATH = YES;
				ONLY_ACTIVE_ARCH = YES;
				SDKROOT = iphoneos;
				SWIFT_ACTIVE_COMPILATION_CONDITIONS = DEBUG;
				SWIFT_OPTIMIZATION_LEVEL = "-Onone";
			};
			name = Debug;
		};
		3908D3D2287C69CD004D31F4 /* Release */ = {
			isa = XCBuildConfiguration;
			buildSettings = {
				ALWAYS_SEARCH_USER_PATHS = NO;
				CLANG_ANALYZER_NONNULL = YES;
				CLANG_ANALYZER_NUMBER_OBJECT_CONVERSION = YES_AGGRESSIVE;
				CLANG_CXX_LANGUAGE_STANDARD = "gnu++17";
				CLANG_ENABLE_MODULES = YES;
				CLANG_ENABLE_OBJC_ARC = YES;
				CLANG_ENABLE_OBJC_WEAK = YES;
				CLANG_WARN_BLOCK_CAPTURE_AUTORELEASING = YES;
				CLANG_WARN_BOOL_CONVERSION = YES;
				CLANG_WARN_COMMA = YES;
				CLANG_WARN_CONSTANT_CONVERSION = YES;
				CLANG_WARN_DEPRECATED_OBJC_IMPLEMENTATIONS = YES;
				CLANG_WARN_DIRECT_OBJC_ISA_USAGE = YES_ERROR;
				CLANG_WARN_DOCUMENTATION_COMMENTS = YES;
				CLANG_WARN_EMPTY_BODY = YES;
				CLANG_WARN_ENUM_CONVERSION = YES;
				CLANG_WARN_INFINITE_RECURSION = YES;
				CLANG_WARN_INT_CONVERSION = YES;
				CLANG_WARN_NON_LITERAL_NULL_CONVERSION = YES;
				CLANG_WARN_OBJC_IMPLICIT_RETAIN_SELF = YES;
				CLANG_WARN_OBJC_LITERAL_CONVERSION = YES;
				CLANG_WARN_OBJC_ROOT_CLASS = YES_ERROR;
				CLANG_WARN_QUOTED_INCLUDE_IN_FRAMEWORK_HEADER = YES;
				CLANG_WARN_RANGE_LOOP_ANALYSIS = YES;
				CLANG_WARN_STRICT_PROTOTYPES = YES;
				CLANG_WARN_SUSPICIOUS_MOVE = YES;
				CLANG_WARN_UNGUARDED_AVAILABILITY = YES_AGGRESSIVE;
				CLANG_WARN_UNREACHABLE_CODE = YES;
				CLANG_WARN__DUPLICATE_METHOD_MATCH = YES;
				COPY_PHASE_STRIP = NO;
				DEBUG_INFORMATION_FORMAT = "dwarf-with-dsym";
				ENABLE_NS_ASSERTIONS = NO;
				ENABLE_STRICT_OBJC_MSGSEND = YES;
				GCC_C_LANGUAGE_STANDARD = gnu11;
				GCC_NO_COMMON_BLOCKS = YES;
				GCC_WARN_64_TO_32_BIT_CONVERSION = YES;
				GCC_WARN_ABOUT_RETURN_TYPE = YES_ERROR;
				GCC_WARN_UNDECLARED_SELECTOR = YES;
				GCC_WARN_UNINITIALIZED_AUTOS = YES_AGGRESSIVE;
				GCC_WARN_UNUSED_FUNCTION = YES;
				GCC_WARN_UNUSED_VARIABLE = YES;
				IPHONEOS_DEPLOYMENT_TARGET = 15.5;
				MTL_ENABLE_DEBUG_INFO = NO;
				MTL_FAST_MATH = YES;
				SDKROOT = iphoneos;
				SWIFT_COMPILATION_MODE = wholemodule;
				SWIFT_OPTIMIZATION_LEVEL = "-O";
				VALIDATE_PRODUCT = YES;
			};
			name = Release;
		};
		3908D3D4287C69CD004D31F4 /* Debug */ = {
			isa = XCBuildConfiguration;
			buildSettings = {
				ASSETCATALOG_COMPILER_APPICON_NAME = AppIcon;
				ASSETCATALOG_COMPILER_GLOBAL_ACCENT_COLOR_NAME = AccentColor;
				CODE_SIGN_STYLE = Automatic;
				CURRENT_PROJECT_VERSION = 1;
				GENERATE_INFOPLIST_FILE = YES;
				INFOPLIST_FILE = HomeExercise/Info.plist;
				INFOPLIST_KEY_UIApplicationSupportsIndirectInputEvents = YES;
				INFOPLIST_KEY_UILaunchStoryboardName = LaunchScreen;
				INFOPLIST_KEY_UIMainStoryboardFile = Main;
				INFOPLIST_KEY_UISupportedInterfaceOrientations_iPad = "UIInterfaceOrientationPortrait UIInterfaceOrientationPortraitUpsideDown UIInterfaceOrientationLandscapeLeft UIInterfaceOrientationLandscapeRight";
				INFOPLIST_KEY_UISupportedInterfaceOrientations_iPhone = "UIInterfaceOrientationPortrait UIInterfaceOrientationLandscapeLeft UIInterfaceOrientationLandscapeRight";
				LD_RUNPATH_SEARCH_PATHS = (
					"$(inherited)",
					"@executable_path/Frameworks",
				);
				MARKETING_VERSION = 1.0;
				PRODUCT_BUNDLE_IDENTIFIER = com.junaid.HomeExercise;
				PRODUCT_NAME = "$(TARGET_NAME)";
				SWIFT_EMIT_LOC_STRINGS = YES;
				SWIFT_VERSION = 5.0;
				TARGETED_DEVICE_FAMILY = "1,2";
			};
			name = Debug;
		};
		3908D3D5287C69CD004D31F4 /* Release */ = {
			isa = XCBuildConfiguration;
			buildSettings = {
				ASSETCATALOG_COMPILER_APPICON_NAME = AppIcon;
				ASSETCATALOG_COMPILER_GLOBAL_ACCENT_COLOR_NAME = AccentColor;
				CODE_SIGN_STYLE = Automatic;
				CURRENT_PROJECT_VERSION = 1;
				GENERATE_INFOPLIST_FILE = YES;
				INFOPLIST_FILE = HomeExercise/Info.plist;
				INFOPLIST_KEY_UIApplicationSupportsIndirectInputEvents = YES;
				INFOPLIST_KEY_UILaunchStoryboardName = LaunchScreen;
				INFOPLIST_KEY_UIMainStoryboardFile = Main;
				INFOPLIST_KEY_UISupportedInterfaceOrientations_iPad = "UIInterfaceOrientationPortrait UIInterfaceOrientationPortraitUpsideDown UIInterfaceOrientationLandscapeLeft UIInterfaceOrientationLandscapeRight";
				INFOPLIST_KEY_UISupportedInterfaceOrientations_iPhone = "UIInterfaceOrientationPortrait UIInterfaceOrientationLandscapeLeft UIInterfaceOrientationLandscapeRight";
				LD_RUNPATH_SEARCH_PATHS = (
					"$(inherited)",
					"@executable_path/Frameworks",
				);
				MARKETING_VERSION = 1.0;
				PRODUCT_BUNDLE_IDENTIFIER = com.junaid.HomeExercise;
				PRODUCT_NAME = "$(TARGET_NAME)";
				SWIFT_EMIT_LOC_STRINGS = YES;
				SWIFT_VERSION = 5.0;
				TARGETED_DEVICE_FAMILY = "1,2";
			};
			name = Release;
		};
		3908D3D7287C69CD004D31F4 /* Debug */ = {
			isa = XCBuildConfiguration;
			buildSettings = {
				ALWAYS_EMBED_SWIFT_STANDARD_LIBRARIES = YES;
				BUNDLE_LOADER = "$(TEST_HOST)";
				CODE_SIGN_STYLE = Automatic;
				CURRENT_PROJECT_VERSION = 1;
				GENERATE_INFOPLIST_FILE = YES;
				IPHONEOS_DEPLOYMENT_TARGET = 15.5;
				MARKETING_VERSION = 1.0;
				PRODUCT_BUNDLE_IDENTIFIER = com.junaid.HomeExerciseTests;
				PRODUCT_NAME = "$(TARGET_NAME)";
				SWIFT_EMIT_LOC_STRINGS = NO;
				SWIFT_VERSION = 5.0;
				TARGETED_DEVICE_FAMILY = "1,2";
				TEST_HOST = "$(BUILT_PRODUCTS_DIR)/HomeExercise.app/HomeExercise";
			};
			name = Debug;
		};
		3908D3D8287C69CD004D31F4 /* Release */ = {
			isa = XCBuildConfiguration;
			buildSettings = {
				ALWAYS_EMBED_SWIFT_STANDARD_LIBRARIES = YES;
				BUNDLE_LOADER = "$(TEST_HOST)";
				CODE_SIGN_STYLE = Automatic;
				CURRENT_PROJECT_VERSION = 1;
				GENERATE_INFOPLIST_FILE = YES;
				IPHONEOS_DEPLOYMENT_TARGET = 15.5;
				MARKETING_VERSION = 1.0;
				PRODUCT_BUNDLE_IDENTIFIER = com.junaid.HomeExerciseTests;
				PRODUCT_NAME = "$(TARGET_NAME)";
				SWIFT_EMIT_LOC_STRINGS = NO;
				SWIFT_VERSION = 5.0;
				TARGETED_DEVICE_FAMILY = "1,2";
				TEST_HOST = "$(BUILT_PRODUCTS_DIR)/HomeExercise.app/HomeExercise";
			};
			name = Release;
		};
		3908D3DA287C69CD004D31F4 /* Debug */ = {
			isa = XCBuildConfiguration;
			buildSettings = {
				ALWAYS_EMBED_SWIFT_STANDARD_LIBRARIES = YES;
				CODE_SIGN_STYLE = Automatic;
				CURRENT_PROJECT_VERSION = 1;
				GENERATE_INFOPLIST_FILE = YES;
				MARKETING_VERSION = 1.0;
				PRODUCT_BUNDLE_IDENTIFIER = com.junaid.HomeExerciseUITests;
				PRODUCT_NAME = "$(TARGET_NAME)";
				SWIFT_EMIT_LOC_STRINGS = NO;
				SWIFT_VERSION = 5.0;
				TARGETED_DEVICE_FAMILY = "1,2";
				TEST_TARGET_NAME = HomeExercise;
			};
			name = Debug;
		};
		3908D3DB287C69CD004D31F4 /* Release */ = {
			isa = XCBuildConfiguration;
			buildSettings = {
				ALWAYS_EMBED_SWIFT_STANDARD_LIBRARIES = YES;
				CODE_SIGN_STYLE = Automatic;
				CURRENT_PROJECT_VERSION = 1;
				GENERATE_INFOPLIST_FILE = YES;
				MARKETING_VERSION = 1.0;
				PRODUCT_BUNDLE_IDENTIFIER = com.junaid.HomeExerciseUITests;
				PRODUCT_NAME = "$(TARGET_NAME)";
				SWIFT_EMIT_LOC_STRINGS = NO;
				SWIFT_VERSION = 5.0;
				TARGETED_DEVICE_FAMILY = "1,2";
				TEST_TARGET_NAME = HomeExercise;
			};
			name = Release;
		};
/* End XCBuildConfiguration section */

/* Begin XCConfigurationList section */
		3908D3A4287C69CC004D31F4 /* Build configuration list for PBXProject "HomeExercise" */ = {
			isa = XCConfigurationList;
			buildConfigurations = (
				3908D3D1287C69CD004D31F4 /* Debug */,
				3908D3D2287C69CD004D31F4 /* Release */,
			);
			defaultConfigurationIsVisible = 0;
			defaultConfigurationName = Release;
		};
		3908D3D3287C69CD004D31F4 /* Build configuration list for PBXNativeTarget "HomeExercise" */ = {
			isa = XCConfigurationList;
			buildConfigurations = (
				3908D3D4287C69CD004D31F4 /* Debug */,
				3908D3D5287C69CD004D31F4 /* Release */,
			);
			defaultConfigurationIsVisible = 0;
			defaultConfigurationName = Release;
		};
		3908D3D6287C69CD004D31F4 /* Build configuration list for PBXNativeTarget "HomeExerciseTests" */ = {
			isa = XCConfigurationList;
			buildConfigurations = (
				3908D3D7287C69CD004D31F4 /* Debug */,
				3908D3D8287C69CD004D31F4 /* Release */,
			);
			defaultConfigurationIsVisible = 0;
			defaultConfigurationName = Release;
		};
		3908D3D9287C69CD004D31F4 /* Build configuration list for PBXNativeTarget "HomeExerciseUITests" */ = {
			isa = XCConfigurationList;
			buildConfigurations = (
				3908D3DA287C69CD004D31F4 /* Debug */,
				3908D3DB287C69CD004D31F4 /* Release */,
			);
			defaultConfigurationIsVisible = 0;
			defaultConfigurationName = Release;
		};
/* End XCConfigurationList section */
	};
	rootObject = 3908D3A1287C69CC004D31F4 /* Project object */;
}
